// !$*UTF8*$!
{
	archiveVersion = 1;
	classes = {
	};
	objectVersion = 46;
	objects = {

/* Begin PBXBuildFile section */
		F2E08F391C44B093006BEB1D /* AppDelegate.swift in Sources */ = {isa = PBXBuildFile; fileRef = F2E08F381C44B093006BEB1D /* AppDelegate.swift */; };
		F2E08F3B1C44B093006BEB1D /* ViewController.swift in Sources */ = {isa = PBXBuildFile; fileRef = F2E08F3A1C44B093006BEB1D /* ViewController.swift */; };
		F2E08F401C44B093006BEB1D /* Assets.xcassets in Resources */ = {isa = PBXBuildFile; fileRef = F2E08F3F1C44B093006BEB1D /* Assets.xcassets */; };
		F2E08F431C44B093006BEB1D /* LaunchScreen.storyboard in Resources */ = {isa = PBXBuildFile; fileRef = F2E08F411C44B093006BEB1D /* LaunchScreen.storyboard */; };
		F2E08F4B1C44B11F006BEB1D /* MorseTorch.swift in Sources */ = {isa = PBXBuildFile; fileRef = F2E08F4A1C44B11F006BEB1D /* MorseTorch.swift */; };
/* End PBXBuildFile section */

/* Begin PBXFileReference section */
		F2E08F351C44B093006BEB1D /* MorseTorch.app */ = {isa = PBXFileReference; explicitFileType = wrapper.application; includeInIndex = 0; path = MorseTorch.app; sourceTree = BUILT_PRODUCTS_DIR; };
		F2E08F381C44B093006BEB1D /* AppDelegate.swift */ = {isa = PBXFileReference; lastKnownFileType = sourcecode.swift; path = AppDelegate.swift; sourceTree = "<group>"; };
		F2E08F3A1C44B093006BEB1D /* ViewController.swift */ = {isa = PBXFileReference; lastKnownFileType = sourcecode.swift; path = ViewController.swift; sourceTree = "<group>"; };
		F2E08F3F1C44B093006BEB1D /* Assets.xcassets */ = {isa = PBXFileReference; lastKnownFileType = folder.assetcatalog; path = Assets.xcassets; sourceTree = "<group>"; };
		F2E08F421C44B093006BEB1D /* Base */ = {isa = PBXFileReference; lastKnownFileType = file.storyboard; name = Base; path = Base.lproj/LaunchScreen.storyboard; sourceTree = "<group>"; };
		F2E08F441C44B093006BEB1D /* Info.plist */ = {isa = PBXFileReference; lastKnownFileType = text.plist.xml; path = Info.plist; sourceTree = "<group>"; };
		F2E08F4A1C44B11F006BEB1D /* MorseTorch.swift */ = {isa = PBXFileReference; fileEncoding = 4; lastKnownFileType = sourcecode.swift; path = MorseTorch.swift; sourceTree = "<group>"; };
/* End PBXFileReference section */

/* Begin PBXFrameworksBuildPhase section */
		F2E08F321C44B093006BEB1D /* Frameworks */ = {
			isa = PBXFrameworksBuildPhase;
			buildActionMask = 2147483647;
			files = (
			);
			runOnlyForDeploymentPostprocessing = 0;
		};
/* End PBXFrameworksBuildPhase section */

/* Begin PBXGroup section */
		F2E08F2C1C44B092006BEB1D = {
			isa = PBXGroup;
			children = (
				F2E08F371C44B093006BEB1D /* MorseTorch */,
				F2E08F361C44B093006BEB1D /* Products */,
			);
			sourceTree = "<group>";
		};
		F2E08F361C44B093006BEB1D /* Products */ = {
			isa = PBXGroup;
			children = (
				F2E08F351C44B093006BEB1D /* MorseTorch.app */,
			);
			name = Products;
			sourceTree = "<group>";
		};
		F2E08F371C44B093006BEB1D /* MorseTorch */ = {
			isa = PBXGroup;
			children = (
				F2E08F381C44B093006BEB1D /* AppDelegate.swift */,
				F2E08F3A1C44B093006BEB1D /* ViewController.swift */,
				F2E08F3F1C44B093006BEB1D /* Assets.xcassets */,
				F2E08F411C44B093006BEB1D /* LaunchScreen.storyboard */,
				F2E08F441C44B093006BEB1D /* Info.plist */,
				F2E08F4A1C44B11F006BEB1D /* MorseTorch.swift */,
			);
			path = MorseTorch;
			sourceTree = "<group>";
		};
/* End PBXGroup section */

/* Begin PBXNativeTarget section */
		F2E08F341C44B093006BEB1D /* MorseTorch */ = {
			isa = PBXNativeTarget;
			buildConfigurationList = F2E08F471C44B093006BEB1D /* Build configuration list for PBXNativeTarget "MorseTorch" */;
			buildPhases = (
				F2E08F311C44B093006BEB1D /* Sources */,
				F2E08F321C44B093006BEB1D /* Frameworks */,
				F2E08F331C44B093006BEB1D /* Resources */,
			);
			buildRules = (
			);
			dependencies = (
			);
			name = MorseTorch;
			productName = MorseTorch;
			productReference = F2E08F351C44B093006BEB1D /* MorseTorch.app */;
			productType = "com.apple.product-type.application";
		};
/* End PBXNativeTarget section */

/* Begin PBXProject section */
		F2E08F2D1C44B092006BEB1D /* Project object */ = {
			isa = PBXProject;
			attributes = {
				LastSwiftUpdateCheck = 0720;
				LastUpgradeCheck = 0720;
				ORGANIZATIONNAME = YehYungCheng;
				TargetAttributes = {
					F2E08F341C44B093006BEB1D = {
						CreatedOnToolsVersion = 7.2;
						DevelopmentTeam = ZRU74Q6CGE;
					};
				};
			};
			buildConfigurationList = F2E08F301C44B093006BEB1D /* Build configuration list for PBXProject "MorseTorch" */;
			compatibilityVersion = "Xcode 3.2";
			developmentRegion = English;
			hasScannedForEncodings = 0;
			knownRegions = (
				en,
				Base,
			);
			mainGroup = F2E08F2C1C44B092006BEB1D;
			productRefGroup = F2E08F361C44B093006BEB1D /* Products */;
			projectDirPath = "";
			projectRoot = "";
			targets = (
				F2E08F341C44B093006BEB1D /* MorseTorch */,
			);
		};
/* End PBXProject section */

/* Begin PBXResourcesBuildPhase section */
		F2E08F331C44B093006BEB1D /* Resources */ = {
			isa = PBXResourcesBuildPhase;
			buildActionMask = 2147483647;
			files = (
				F2E08F431C44B093006BEB1D /* LaunchScreen.storyboard in Resources */,
				F2E08F401C44B093006BEB1D /* Assets.xcassets in Resources */,
			);
			runOnlyForDeploymentPostprocessing = 0;
		};
/* End PBXResourcesBuildPhase section */

/* Begin PBXSourcesBuildPhase section */
		F2E08F311C44B093006BEB1D /* Sources */ = {
			isa = PBXSourcesBuildPhase;
			buildActionMask = 2147483647;
			files = (
				F2E08F3B1C44B093006BEB1D /* ViewController.swift in Sources */,
				F2E08F391C44B093006BEB1D /* AppDelegate.swift in Sources */,
				F2E08F4B1C44B11F006BEB1D /* MorseTorch.swift in Sources */,
			);
			runOnlyForDeploymentPostprocessing = 0;
		};
/* End PBXSourcesBuildPhase section */

/* Begin PBXVariantGroup section */
		F2E08F411C44B093006BEB1D /* LaunchScreen.storyboard */ = {
			isa = PBXVariantGroup;
			children = (
				F2E08F421C44B093006BEB1D /* Base */,
			);
			name = LaunchScreen.storyboard;
			sourceTree = "<group>";
		};
/* End PBXVariantGroup section */

/* Begin XCBuildConfiguration section */
		F2E08F451C44B093006BEB1D /* Debug */ = {
			isa = XCBuildConfiguration;
			buildSettings = {
				ALWAYS_SEARCH_USER_PATHS = NO;
				CLANG_CXX_LANGUAGE_STANDARD = "gnu++0x";
				CLANG_CXX_LIBRARY = "libc++";
				CLANG_ENABLE_MODULES = YES;
				CLANG_ENABLE_OBJC_ARC = YES;
				CLANG_WARN_BOOL_CONVERSION = YES;
				CLANG_WARN_CONSTANT_CONVERSION = YES;
				CLANG_WARN_DIRECT_OBJC_ISA_USAGE = YES_ERROR;
				CLANG_WARN_EMPTY_BODY = YES;
				CLANG_WARN_ENUM_CONVERSION = YES;
				CLANG_WARN_INT_CONVERSION = YES;
				CLANG_WARN_OBJC_ROOT_CLASS = YES_ERROR;
				CLANG_WARN_UNREACHABLE_CODE = YES;
				CLANG_WARN__DUPLICATE_METHOD_MATCH = YES;
				"CODE_SIGN_IDENTITY[sdk=iphoneos*]" = "iPhone Developer";
				COPY_PHASE_STRIP = NO;
				DEBUG_INFORMATION_FORMAT = dwarf;
				ENABLE_STRICT_OBJC_MSGSEND = YES;
				ENABLE_TESTABILITY = YES;
				GCC_C_LANGUAGE_STANDARD = gnu99;
				GCC_DYNAMIC_NO_PIC = NO;
				GCC_NO_COMMON_BLOCKS = YES;
				GCC_OPTIMIZATION_LEVEL = 0;
				GCC_PREPROCESSOR_DEFINITIONS = (
					"DEBUG=1",
					"$(inherited)",
				);
				GCC_WARN_64_TO_32_BIT_CONVERSION = YES;
				GCC_WARN_ABOUT_RETURN_TYPE = YES_ERROR;
				GCC_WARN_UNDECLARED_SELECTOR = YES;
				GCC_WARN_UNINITIALIZED_AUTOS = YES_AGGRESSIVE;
				GCC_WARN_UNUSED_FUNCTION = YES;
				GCC_WARN_UNUSED_VARIABLE = YES;
				IPHONEOS_DEPLOYMENT_TARGET = 9.2;
				MTL_ENABLE_DEBUG_INFO = YES;
				ONLY_ACTIVE_ARCH = YES;
				SDKROOT = iphoneos;
				SWIFT_OPTIMIZATION_LEVEL = "-Onone";
				TARGETED_DEVICE_FAMILY = "1,2";
			};
			name = Debug;
		};
		F2E08F461C44B093006BEB1D /* Release */ = {
			isa = XCBuildConfiguration;
			buildSettings = {
				ALWAYS_SEARCH_USER_PATHS = NO;
				CLANG_CXX_LANGUAGE_STANDARD = "gnu++0x";
				CLANG_CXX_LIBRARY = "libc++";
				CLANG_ENABLE_MODULES = YES;
				CLANG_ENABLE_OBJC_ARC = YES;
				CLANG_WARN_BOOL_CONVERSION = YES;
				CLANG_WARN_CONSTANT_CONVERSION = YES;
				CLANG_WARN_DIRECT_OBJC_ISA_USAGE = YES_ERROR;
				CLANG_WARN_EMPTY_BODY = YES;
				CLANG_WARN_ENUM_CONVERSION = YES;
				CLANG_WARN_INT_CONVERSION = YES;
				CLANG_WARN_OBJC_ROOT_CLASS = YES_ERROR;
				CLANG_WARN_UNREACHABLE_CODE = YES;
				CLANG_WARN__DUPLICATE_METHOD_MATCH = YES;
				"CODE_SIGN_IDENTITY[sdk=iphoneos*]" = "iPhone Developer";
				COPY_PHASE_STRIP = NO;
				DEBUG_INFORMATION_FORMAT = "dwarf-with-dsym";
				ENABLE_NS_ASSERTIONS = NO;
				ENABLE_STRICT_OBJC_MSGSEND = YES;
				GCC_C_LANGUAGE_STANDARD = gnu99;
				GCC_NO_COMMON_BLOCKS = YES;
				GCC_WARN_64_TO_32_BIT_CONVERSION = YES;
				GCC_WARN_ABOUT_RETURN_TYPE = YES_ERROR;
				GCC_WARN_UNDECLARED_SELECTOR = YES;
				GCC_WARN_UNINITIALIZED_AUTOS = YES_AGGRESSIVE;
				GCC_WARN_UNUSED_FUNCTION = YES;
				GCC_WARN_UNUSED_VARIABLE = YES;
				IPHONEOS_DEPLOYMENT_TARGET = 9.2;
				MTL_ENABLE_DEBUG_INFO = NO;
				SDKROOT = iphoneos;
				TARGETED_DEVICE_FAMILY = "1,2";
				VALIDATE_PRODUCT = YES;
			};
			name = Release;
		};
		F2E08F481C44B093006BEB1D /* Debug */ = {
			isa = XCBuildConfiguration;
			buildSettings = {
				ASSETCATALOG_COMPILER_APPICON_NAME = AppIcon;
				INFOPLIST_FILE = MorseTorch/Info.plist;
				LD_RUNPATH_SEARCH_PATHS = "$(inherited) @executable_path/Frameworks";
				PRODUCT_BUNDLE_IDENTIFIER = app.yyc.MorseTorch;
				PRODUCT_NAME = "$(TARGET_NAME)";
			};
			name = Debug;
		};
		F2E08F491C44B093006BEB1D /* Release */ = {
			isa = XCBuildConfiguration;
			buildSettings = {
				ASSETCATALOG_COMPILER_APPICON_NAME = AppIcon;
				INFOPLIST_FILE = MorseTorch/Info.plist;
				LD_RUNPATH_SEARCH_PATHS = "$(inherited) @executable_path/Frameworks";
				PRODUCT_BUNDLE_IDENTIFIER = app.yyc.MorseTorch;
				PRODUCT_NAME = "$(TARGET_NAME)";
			};
			name = Release;
		};
/* End XCBuildConfiguration section */

/* Begin XCConfigurationList section */
		F2E08F301C44B093006BEB1D /* Build configuration list for PBXProject "MorseTorch" */ = {
			isa = XCConfigurationList;
			buildConfigurations = (
				F2E08F451C44B093006BEB1D /* Debug */,
				F2E08F461C44B093006BEB1D /* Release */,
			);
			defaultConfigurationIsVisible = 0;
			defaultConfigurationName = Release;
		};
		F2E08F471C44B093006BEB1D /* Build configuration list for PBXNativeTarget "MorseTorch" */ = {
			isa = XCConfigurationList;
			buildConfigurations = (
				F2E08F481C44B093006BEB1D /* Debug */,
				F2E08F491C44B093006BEB1D /* Release */,
			);
			defaultConfigurationIsVisible = 0;
		};
/* End XCConfigurationList section */
	};
	rootObject = F2E08F2D1C44B092006BEB1D /* Project object */;
}
